// !$*UTF8*$!
{
	archiveVersion = 1;
	classes = {
	};
	objectVersion = 56;
	objects = {

/* Begin PBXBuildFile section */
		8A07CE902A3F45D300C6D4AA /* linkdingApp.swift in Sources */ = {isa = PBXBuildFile; fileRef = 8A07CE8F2A3F45D300C6D4AA /* linkdingApp.swift */; };
		8A07CE922A3F45D300C6D4AA /* MainView.swift in Sources */ = {isa = PBXBuildFile; fileRef = 8A07CE912A3F45D300C6D4AA /* MainView.swift */; };
		8A07CE942A3F45D400C6D4AA /* Assets.xcassets in Resources */ = {isa = PBXBuildFile; fileRef = 8A07CE932A3F45D400C6D4AA /* Assets.xcassets */; };
		8A07CE972A3F45D400C6D4AA /* Preview Assets.xcassets in Resources */ = {isa = PBXBuildFile; fileRef = 8A07CE962A3F45D400C6D4AA /* Preview Assets.xcassets */; };
		8A07CEA12A3F47A600C6D4AA /* SettingView.swift in Sources */ = {isa = PBXBuildFile; fileRef = 8A07CEA02A3F47A600C6D4AA /* SettingView.swift */; };
		8A5D63252A45C26900EC38AA /* BookmarkListView.swift in Sources */ = {isa = PBXBuildFile; fileRef = 8A5D63242A45C26900EC38AA /* BookmarkListView.swift */; };
		8A5D63282A45C2BD00EC38AA /* AddBookmarkView.swift in Sources */ = {isa = PBXBuildFile; fileRef = 8A5D63272A45C2BD00EC38AA /* AddBookmarkView.swift */; };
/* End PBXBuildFile section */

/* Begin PBXFileReference section */
		8A07CE8C2A3F45D300C6D4AA /* linkding.app */ = {isa = PBXFileReference; explicitFileType = wrapper.application; includeInIndex = 0; path = linkding.app; sourceTree = BUILT_PRODUCTS_DIR; };
		8A07CE8F2A3F45D300C6D4AA /* linkdingApp.swift */ = {isa = PBXFileReference; lastKnownFileType = sourcecode.swift; path = linkdingApp.swift; sourceTree = "<group>"; };
		8A07CE912A3F45D300C6D4AA /* MainView.swift */ = {isa = PBXFileReference; lastKnownFileType = sourcecode.swift; path = MainView.swift; sourceTree = "<group>"; };
		8A07CE932A3F45D400C6D4AA /* Assets.xcassets */ = {isa = PBXFileReference; lastKnownFileType = folder.assetcatalog; path = Assets.xcassets; sourceTree = "<group>"; };
		8A07CE962A3F45D400C6D4AA /* Preview Assets.xcassets */ = {isa = PBXFileReference; lastKnownFileType = folder.assetcatalog; path = "Preview Assets.xcassets"; sourceTree = "<group>"; };
		8A07CEA02A3F47A600C6D4AA /* SettingView.swift */ = {isa = PBXFileReference; lastKnownFileType = sourcecode.swift; path = SettingView.swift; sourceTree = "<group>"; };
		8A5D63242A45C26900EC38AA /* BookmarkListView.swift */ = {isa = PBXFileReference; lastKnownFileType = sourcecode.swift; path = BookmarkListView.swift; sourceTree = "<group>"; };
		8A5D63272A45C2BD00EC38AA /* AddBookmarkView.swift */ = {isa = PBXFileReference; lastKnownFileType = sourcecode.swift; path = AddBookmarkView.swift; sourceTree = "<group>"; };
/* End PBXFileReference section */

/* Begin PBXFrameworksBuildPhase section */
		8A07CE892A3F45D300C6D4AA /* Frameworks */ = {
			isa = PBXFrameworksBuildPhase;
			buildActionMask = 2147483647;
			files = (
			);
			runOnlyForDeploymentPostprocessing = 0;
		};
/* End PBXFrameworksBuildPhase section */

/* Begin PBXGroup section */
		8A07CE832A3F45D300C6D4AA = {
			isa = PBXGroup;
			children = (
				8A07CE8E2A3F45D300C6D4AA /* linkding */,
				8A07CE8D2A3F45D300C6D4AA /* Products */,
			);
			sourceTree = "<group>";
		};
		8A07CE8D2A3F45D300C6D4AA /* Products */ = {
			isa = PBXGroup;
			children = (
				8A07CE8C2A3F45D300C6D4AA /* linkding.app */,
			);
			name = Products;
			sourceTree = "<group>";
		};
		8A07CE8E2A3F45D300C6D4AA /* linkding */ = {
			isa = PBXGroup;
			children = (
				8A07CE9F2A3F474600C6D4AA /* Models */,
				8A07CE9E2A3F473B00C6D4AA /* Views */,
				8A07CE8F2A3F45D300C6D4AA /* linkdingApp.swift */,
				8A07CE932A3F45D400C6D4AA /* Assets.xcassets */,
				8A07CE952A3F45D400C6D4AA /* Preview Content */,
			);
			path = linkding;
			sourceTree = "<group>";
		};
		8A07CE952A3F45D400C6D4AA /* Preview Content */ = {
			isa = PBXGroup;
			children = (
				8A07CE962A3F45D400C6D4AA /* Preview Assets.xcassets */,
			);
			path = "Preview Content";
			sourceTree = "<group>";
		};
		8A07CE9E2A3F473B00C6D4AA /* Views */ = {
			isa = PBXGroup;
			children = (
				8A07CE912A3F45D300C6D4AA /* MainView.swift */,
				8A5D63272A45C2BD00EC38AA /* AddBookmarkView.swift */,
				8A5D63242A45C26900EC38AA /* BookmarkListView.swift */,
				8A07CEA02A3F47A600C6D4AA /* SettingView.swift */,
			);
			path = Views;
			sourceTree = "<group>";
		};
		8A07CE9F2A3F474600C6D4AA /* Models */ = {
			isa = PBXGroup;
			children = (
			);
			path = Models;
			sourceTree = "<group>";
		};
/* End PBXGroup section */

/* Begin PBXNativeTarget section */
		8A07CE8B2A3F45D300C6D4AA /* linkding */ = {
			isa = PBXNativeTarget;
			buildConfigurationList = 8A07CE9A2A3F45D400C6D4AA /* Build configuration list for PBXNativeTarget "linkding" */;
			buildPhases = (
				8A07CE882A3F45D300C6D4AA /* Sources */,
				8A07CE892A3F45D300C6D4AA /* Frameworks */,
				8A07CE8A2A3F45D300C6D4AA /* Resources */,
			);
			buildRules = (
			);
			dependencies = (
			);
			name = linkding;
			productName = linkding;
			productReference = 8A07CE8C2A3F45D300C6D4AA /* linkding.app */;
			productType = "com.apple.product-type.application";
		};
/* End PBXNativeTarget section */

/* Begin PBXProject section */
		8A07CE842A3F45D300C6D4AA /* Project object */ = {
			isa = PBXProject;
			attributes = {
				BuildIndependentTargetsInParallel = 1;
				LastSwiftUpdateCheck = 1430;
				LastUpgradeCheck = 1430;
				TargetAttributes = {
					8A07CE8B2A3F45D300C6D4AA = {
						CreatedOnToolsVersion = 14.3.1;
					};
				};
			};
			buildConfigurationList = 8A07CE872A3F45D300C6D4AA /* Build configuration list for PBXProject "linkding" */;
			compatibilityVersion = "Xcode 14.0";
			developmentRegion = en;
			hasScannedForEncodings = 0;
			knownRegions = (
				en,
				Base,
			);
			mainGroup = 8A07CE832A3F45D300C6D4AA;
			productRefGroup = 8A07CE8D2A3F45D300C6D4AA /* Products */;
			projectDirPath = "";
			projectRoot = "";
			targets = (
				8A07CE8B2A3F45D300C6D4AA /* linkding */,
			);
		};
/* End PBXProject section */

/* Begin PBXResourcesBuildPhase section */
		8A07CE8A2A3F45D300C6D4AA /* Resources */ = {
			isa = PBXResourcesBuildPhase;
			buildActionMask = 2147483647;
			files = (
				8A07CE972A3F45D400C6D4AA /* Preview Assets.xcassets in Resources */,
				8A07CE942A3F45D400C6D4AA /* Assets.xcassets in Resources */,
			);
			runOnlyForDeploymentPostprocessing = 0;
		};
/* End PBXResourcesBuildPhase section */

/* Begin PBXSourcesBuildPhase section */
		8A07CE882A3F45D300C6D4AA /* Sources */ = {
			isa = PBXSourcesBuildPhase;
			buildActionMask = 2147483647;
			files = (
				8A5D63282A45C2BD00EC38AA /* AddBookmarkView.swift in Sources */,
				8A07CEA12A3F47A600C6D4AA /* SettingView.swift in Sources */,
				8A07CE922A3F45D300C6D4AA /* MainView.swift in Sources */,
				8A5D63252A45C26900EC38AA /* BookmarkListView.swift in Sources */,
				8A07CE902A3F45D300C6D4AA /* linkdingApp.swift in Sources */,
			);
			runOnlyForDeploymentPostprocessing = 0;
		};
/* End PBXSourcesBuildPhase section */

/* Begin XCBuildConfiguration section */
		8A07CE982A3F45D400C6D4AA /* Debug */ = {
			isa = XCBuildConfiguration;
			buildSettings = {
				ALWAYS_SEARCH_USER_PATHS = NO;
				CLANG_ANALYZER_NONNULL = YES;
				CLANG_ANALYZER_NUMBER_OBJECT_CONVERSION = YES_AGGRESSIVE;
				CLANG_CXX_LANGUAGE_STANDARD = "gnu++20";
				CLANG_ENABLE_MODULES = YES;
				CLANG_ENABLE_OBJC_ARC = YES;
				CLANG_ENABLE_OBJC_WEAK = YES;
				CLANG_WARN_BLOCK_CAPTURE_AUTORELEASING = YES;
				CLANG_WARN_BOOL_CONVERSION = YES;
				CLANG_WARN_COMMA = YES;
				CLANG_WARN_CONSTANT_CONVERSION = YES;
				CLANG_WARN_DEPRECATED_OBJC_IMPLEMENTATIONS = YES;
				CLANG_WARN_DIRECT_OBJC_ISA_USAGE = YES_ERROR;
				CLANG_WARN_DOCUMENTATION_COMMENTS = YES;
				CLANG_WARN_EMPTY_BODY = YES;
				CLANG_WARN_ENUM_CONVERSION = YES;
				CLANG_WARN_INFINITE_RECURSION = YES;
				CLANG_WARN_INT_CONVERSION = YES;
				CLANG_WARN_NON_LITERAL_NULL_CONVERSION = YES;
				CLANG_WARN_OBJC_IMPLICIT_RETAIN_SELF = YES;
				CLANG_WARN_OBJC_LITERAL_CONVERSION = YES;
				CLANG_WARN_OBJC_ROOT_CLASS = YES_ERROR;
				CLANG_WARN_QUOTED_INCLUDE_IN_FRAMEWORK_HEADER = YES;
				CLANG_WARN_RANGE_LOOP_ANALYSIS = YES;
				CLANG_WARN_STRICT_PROTOTYPES = YES;
				CLANG_WARN_SUSPICIOUS_MOVE = YES;
				CLANG_WARN_UNGUARDED_AVAILABILITY = YES_AGGRESSIVE;
				CLANG_WARN_UNREACHABLE_CODE = YES;
				CLANG_WARN__DUPLICATE_METHOD_MATCH = YES;
				COPY_PHASE_STRIP = NO;
				DEBUG_INFORMATION_FORMAT = dwarf;
				ENABLE_STRICT_OBJC_MSGSEND = YES;
				ENABLE_TESTABILITY = YES;
				GCC_C_LANGUAGE_STANDARD = gnu11;
				GCC_DYNAMIC_NO_PIC = NO;
				GCC_NO_COMMON_BLOCKS = YES;
				GCC_OPTIMIZATION_LEVEL = 0;
				GCC_PREPROCESSOR_DEFINITIONS = (
					"DEBUG=1",
					"$(inherited)",
				);
				GCC_WARN_64_TO_32_BIT_CONVERSION = YES;
				GCC_WARN_ABOUT_RETURN_TYPE = YES_ERROR;
				GCC_WARN_UNDECLARED_SELECTOR = YES;
				GCC_WARN_UNINITIALIZED_AUTOS = YES_AGGRESSIVE;
				GCC_WARN_UNUSED_FUNCTION = YES;
				GCC_WARN_UNUSED_VARIABLE = YES;
				IPHONEOS_DEPLOYMENT_TARGET = 16.4;
				MTL_ENABLE_DEBUG_INFO = INCLUDE_SOURCE;
				MTL_FAST_MATH = YES;
				ONLY_ACTIVE_ARCH = YES;
				SDKROOT = iphoneos;
				SWIFT_ACTIVE_COMPILATION_CONDITIONS = DEBUG;
				SWIFT_OPTIMIZATION_LEVEL = "-Onone";
			};
			name = Debug;
		};
		8A07CE992A3F45D400C6D4AA /* Release */ = {
			isa = XCBuildConfiguration;
			buildSettings = {
				ALWAYS_SEARCH_USER_PATHS = NO;
				CLANG_ANALYZER_NONNULL = YES;
				CLANG_ANALYZER_NUMBER_OBJECT_CONVERSION = YES_AGGRESSIVE;
				CLANG_CXX_LANGUAGE_STANDARD = "gnu++20";
				CLANG_ENABLE_MODULES = YES;
				CLANG_ENABLE_OBJC_ARC = YES;
				CLANG_ENABLE_OBJC_WEAK = YES;
				CLANG_WARN_BLOCK_CAPTURE_AUTORELEASING = YES;
				CLANG_WARN_BOOL_CONVERSION = YES;
				CLANG_WARN_COMMA = YES;
				CLANG_WARN_CONSTANT_CONVERSION = YES;
				CLANG_WARN_DEPRECATED_OBJC_IMPLEMENTATIONS = YES;
				CLANG_WARN_DIRECT_OBJC_ISA_USAGE = YES_ERROR;
				CLANG_WARN_DOCUMENTATION_COMMENTS = YES;
				CLANG_WARN_EMPTY_BODY = YES;
				CLANG_WARN_ENUM_CONVERSION = YES;
				CLANG_WARN_INFINITE_RECURSION = YES;
				CLANG_WARN_INT_CONVERSION = YES;
				CLANG_WARN_NON_LITERAL_NULL_CONVERSION = YES;
				CLANG_WARN_OBJC_IMPLICIT_RETAIN_SELF = YES;
				CLANG_WARN_OBJC_LITERAL_CONVERSION = YES;
				CLANG_WARN_OBJC_ROOT_CLASS = YES_ERROR;
				CLANG_WARN_QUOTED_INCLUDE_IN_FRAMEWORK_HEADER = YES;
				CLANG_WARN_RANGE_LOOP_ANALYSIS = YES;
				CLANG_WARN_STRICT_PROTOTYPES = YES;
				CLANG_WARN_SUSPICIOUS_MOVE = YES;
				CLANG_WARN_UNGUARDED_AVAILABILITY = YES_AGGRESSIVE;
				CLANG_WARN_UNREACHABLE_CODE = YES;
				CLANG_WARN__DUPLICATE_METHOD_MATCH = YES;
				COPY_PHASE_STRIP = NO;
				DEBUG_INFORMATION_FORMAT = "dwarf-with-dsym";
				ENABLE_NS_ASSERTIONS = NO;
				ENABLE_STRICT_OBJC_MSGSEND = YES;
				GCC_C_LANGUAGE_STANDARD = gnu11;
				GCC_NO_COMMON_BLOCKS = YES;
				GCC_WARN_64_TO_32_BIT_CONVERSION = YES;
				GCC_WARN_ABOUT_RETURN_TYPE = YES_ERROR;
				GCC_WARN_UNDECLARED_SELECTOR = YES;
				GCC_WARN_UNINITIALIZED_AUTOS = YES_AGGRESSIVE;
				GCC_WARN_UNUSED_FUNCTION = YES;
				GCC_WARN_UNUSED_VARIABLE = YES;
				IPHONEOS_DEPLOYMENT_TARGET = 16.4;
				MTL_ENABLE_DEBUG_INFO = NO;
				MTL_FAST_MATH = YES;
				SDKROOT = iphoneos;
				SWIFT_COMPILATION_MODE = wholemodule;
				SWIFT_OPTIMIZATION_LEVEL = "-O";
				VALIDATE_PRODUCT = YES;
			};
			name = Release;
		};
		8A07CE9B2A3F45D400C6D4AA /* Debug */ = {
			isa = XCBuildConfiguration;
			buildSettings = {
				ASSETCATALOG_COMPILER_APPICON_NAME = AppIcon;
				ASSETCATALOG_COMPILER_GLOBAL_ACCENT_COLOR_NAME = AccentColor;
				CODE_SIGN_STYLE = Automatic;
				CURRENT_PROJECT_VERSION = 1;
				DEVELOPMENT_ASSET_PATHS = "\"linkding/Preview Content\"";
				DEVELOPMENT_TEAM = 7AFK5HJF3T;
				ENABLE_PREVIEWS = YES;
				GENERATE_INFOPLIST_FILE = YES;
				INFOPLIST_KEY_UIApplicationSceneManifest_Generation = YES;
				INFOPLIST_KEY_UIApplicationSupportsIndirectInputEvents = YES;
				INFOPLIST_KEY_UILaunchScreen_Generation = YES;
				INFOPLIST_KEY_UISupportedInterfaceOrientations_iPad = "UIInterfaceOrientationPortrait UIInterfaceOrientationPortraitUpsideDown UIInterfaceOrientationLandscapeLeft UIInterfaceOrientationLandscapeRight";
				INFOPLIST_KEY_UISupportedInterfaceOrientations_iPhone = "UIInterfaceOrientationPortrait UIInterfaceOrientationLandscapeLeft UIInterfaceOrientationLandscapeRight";
				LD_RUNPATH_SEARCH_PATHS = (
					"$(inherited)",
					"@executable_path/Frameworks",
				);
				MARKETING_VERSION = 1.0;
				PRODUCT_BUNDLE_IDENTIFIER = company.alexey.ios.linkding;
				PRODUCT_NAME = "$(TARGET_NAME)";
				SWIFT_EMIT_LOC_STRINGS = YES;
				SWIFT_VERSION = 5.0;
				TARGETED_DEVICE_FAMILY = "1,2";
			};
			name = Debug;
		};
		8A07CE9C2A3F45D400C6D4AA /* Release */ = {
			isa = XCBuildConfiguration;
			buildSettings = {
				ASSETCATALOG_COMPILER_APPICON_NAME = AppIcon;
				ASSETCATALOG_COMPILER_GLOBAL_ACCENT_COLOR_NAME = AccentColor;
				CODE_SIGN_STYLE = Automatic;
				CURRENT_PROJECT_VERSION = 1;
				DEVELOPMENT_ASSET_PATHS = "\"linkding/Preview Content\"";
				DEVELOPMENT_TEAM = 7AFK5HJF3T;
				ENABLE_PREVIEWS = YES;
				GENERATE_INFOPLIST_FILE = YES;
				INFOPLIST_KEY_UIApplicationSceneManifest_Generation = YES;
				INFOPLIST_KEY_UIApplicationSupportsIndirectInputEvents = YES;
				INFOPLIST_KEY_UILaunchScreen_Generation = YES;
				INFOPLIST_KEY_UISupportedInterfaceOrientations_iPad = "UIInterfaceOrientationPortrait UIInterfaceOrientationPortraitUpsideDown UIInterfaceOrientationLandscapeLeft UIInterfaceOrientationLandscapeRight";
				INFOPLIST_KEY_UISupportedInterfaceOrientations_iPhone = "UIInterfaceOrientationPortrait UIInterfaceOrientationLandscapeLeft UIInterfaceOrientationLandscapeRight";
				LD_RUNPATH_SEARCH_PATHS = (
					"$(inherited)",
					"@executable_path/Frameworks",
				);
				MARKETING_VERSION = 1.0;
				PRODUCT_BUNDLE_IDENTIFIER = company.alexey.ios.linkding;
				PRODUCT_NAME = "$(TARGET_NAME)";
				SWIFT_EMIT_LOC_STRINGS = YES;
				SWIFT_VERSION = 5.0;
				TARGETED_DEVICE_FAMILY = "1,2";
			};
			name = Release;
		};
/* End XCBuildConfiguration section */

/* Begin XCConfigurationList section */
		8A07CE872A3F45D300C6D4AA /* Build configuration list for PBXProject "linkding" */ = {
			isa = XCConfigurationList;
			buildConfigurations = (
				8A07CE982A3F45D400C6D4AA /* Debug */,
				8A07CE992A3F45D400C6D4AA /* Release */,
			);
			defaultConfigurationIsVisible = 0;
			defaultConfigurationName = Release;
		};
		8A07CE9A2A3F45D400C6D4AA /* Build configuration list for PBXNativeTarget "linkding" */ = {
			isa = XCConfigurationList;
			buildConfigurations = (
				8A07CE9B2A3F45D400C6D4AA /* Debug */,
				8A07CE9C2A3F45D400C6D4AA /* Release */,
			);
			defaultConfigurationIsVisible = 0;
			defaultConfigurationName = Release;
		};
/* End XCConfigurationList section */
	};
	rootObject = 8A07CE842A3F45D300C6D4AA /* Project object */;
}
